{
  "name": "nativescript-loading-indicator",
  "version": "2.3.2",
  "lockfileVersion": 1,
  "dependencies": {
    "tns-core-modules": {
      "version": "3.0.1",
      "resolved": "https://registry.npmjs.org/tns-core-modules/-/tns-core-modules-3.0.1.tgz",
      "integrity": "sha1-CM17csmOb1Y/u6U2ZopQwE3Rpf0="
    },
    "tns-core-modules-widgets": {
      "version": "3.0.1",
      "resolved": "https://registry.npmjs.org/tns-core-modules-widgets/-/tns-core-modules-widgets-3.0.1.tgz",
      "integrity": "sha1-g1hSzVkxQYCNLTMlWAa5N4GHzyA="
    },
    "tns-platform-declarations": {
      "version": "2.5.2",
      "resolved": "https://registry.npmjs.org/tns-platform-declarations/-/tns-platform-declarations-2.5.2.tgz",
      "integrity": "sha1-+XLDexiJ3tJaAdeaLIqrNnxjhpo=",
      "dev": true
    },
    "typescript": {
      "version": "2.1.6",
      "resolved": "https://registry.npmjs.org/typescript/-/typescript-2.1.6.tgz",
      "integrity": "sha1-QMfm6eXaeWG3cYtVUF+crJSHpgc=",
      "dev": true
    }
  }
}
